{
    "_readme": [
        "This file locks the dependencies of your project to a known state",
        "Read more about it at http://getcomposer.org/doc/01-basic-usage.md#composer-lock-the-lock-file"
    ],
    "hash": "ad8c864bcb72fe091e06f0c0b347966e",
    "packages": [
        {
            "name": "dark/smarty-view",
            "version": "dev-master",
            "source": {
                "type": "git",
                "url": "https://github.com/darkimmortal/Laravel4-SmartyView.git",
                "reference": "eee169058295c9a49563da4fcfb6a14c227d8f24"
            },
            "dist": {
                "type": "zip",
                "url": "https://api.github.com/repos/darkimmortal/Laravel4-SmartyView/zipball/eee169058295c9a49563da4fcfb6a14c227d8f24",
                "reference": "eee169058295c9a49563da4fcfb6a14c227d8f24",
                "shasum": ""
            },
            "require": {
                "illuminate/support": "4.0.x",
                "php": ">=5.3.0"
            },
            "type": "library",
            "autoload": {
                "classmap": [
                    "src/migrations"
                ],
                "psr-0": {
                    "Dark\\SmartyView": "src/"
                }
            },
            "notification-url": "https://packagist.org/downloads/",
            "authors": [
                {
                    "name": "Luke Foreman",
                    "email": "luke@weeaboo.com"
                }
            ],
            "description": "Smarty view engine incl. View Composer support for Laravel 4",
            "time": "2013-07-09 21:01:31"
        },
        {
            "name": "davzie/laravel-bootstrap",
            "version": "dev-master",
            "source": {
                "type": "git",
                "url": "https://github.com/davzie/laravel-bootstrap.git",
                "reference": "7c632fc815c8688f7569a2a50eec03bc850e5e9d"
            },
            "dist": {
                "type": "zip",
                "url": "https://api.github.com/repos/davzie/laravel-bootstrap/zipball/7c632fc815c8688f7569a2a50eec03bc850e5e9d",
                "reference": "7c632fc815c8688f7569a2a50eec03bc850e5e9d",
                "shasum": ""
            },
            "require": {
                "illuminate/support": "4.0.x",
                "intervention/image": "dev-master",
                "php": ">=5.4.0"
            },
            "type": "library",
            "autoload": {
                "classmap": [
                    "src/migrations",
                    "src/controllers"
                ],
                "psr-0": {
                    "Davzie\\LaravelBootstrap": "src/"
                }
            },
            "notification-url": "https://packagist.org/downloads/",
            "authors": [
                {
                    "name": "David Thorpe",
                    "email": "davzie@davzie.com"
                }
            ],
            "description": "A Laravel 4 Based CMS Built With Twitter Bootstrap 3",
            "time": "2013-09-23 08:49:46"
        },
        {
            "name": "frozennode/administrator",
            "version": "dev-master",
            "source": {
                "type": "git",
                "url": "https://github.com/FrozenNode/Laravel-Administrator.git",
                "reference": "5e74c29bdfe21a719ed767b70b612e3ccaf3055b"
            },
            "dist": {
                "type": "zip",
                "url": "https://api.github.com/repos/FrozenNode/Laravel-Administrator/zipball/5e74c29bdfe21a719ed767b70b612e3ccaf3055b",
                "reference": "5e74c29bdfe21a719ed767b70b612e3ccaf3055b",
                "shasum": ""
            },
            "require": {
                "php": ">=5.3.0"
            },
            "require-dev": {
                "laravel/framework": ">=4.0.0",
                "mockery/mockery": "0.8.0"
            },
            "type": "library",
            "autoload": {
                "classmap": [
                    "src/controllers"
                ],
                "psr-0": {
                    "Frozennode\\Administrator": "src/"
                }
            },
            "notification-url": "https://packagist.org/downloads/",
            "license": [
                "MIT"
            ],
            "authors": [
                {
                    "name": "Jan Hartigan",
                    "email": "jan@frozennode.com"
                }
            ],
            "description": "A database interface package for Laravel",
            "keywords": [
                "admin",
                "administrator",
                "cms",
                "database",
                "laravel",
                "laravel-administrator"
            ],
            "time": "2013-10-07 16:25:43"
        },
        {
            "name": "illuminate/support",
            "version": "4.0.x-dev",
            "target-dir": "Illuminate/Support",
            "source": {
                "type": "git",
                "url": "https://github.com/illuminate/support.git",
                "reference": "bec895ef2331ff2f4afbbe48d1ea3d48c3bd8a9f"
            },
            "dist": {
                "type": "zip",
                "url": "https://api.github.com/repos/illuminate/support/zipball/bec895ef2331ff2f4afbbe48d1ea3d48c3bd8a9f",
                "reference": "bec895ef2331ff2f4afbbe48d1ea3d48c3bd8a9f",
                "shasum": ""
            },
            "require": {
                "php": ">=5.3.0"
            },
            "require-dev": {
                "mockery/mockery": "0.7.2",
                "patchwork/utf8": "1.1.*",
                "phpunit/phpunit": "3.7.*"
            },
            "type": "library",
            "extra": {
                "branch-alias": {
                    "dev-master": "4.0-dev"
                }
            },
            "autoload": {
                "psr-0": {
                    "Illuminate\\Support": ""
                },
                "files": [
                    "Illuminate/Support/helpers.php"
                ]
            },
            "notification-url": "https://packagist.org/downloads/",
            "license": [
                "MIT"
            ],
            "authors": [
                {
                    "name": "Taylor Otwell",
                    "email": "taylorotwell@gmail.com",
                    "homepage": "https://github.com/taylorotwell",
                    "role": "Developer"
                }
            ],
            "time": "2013-10-03 18:37:29"
        },
        {
            "name": "intervention/image",
            "version": "dev-master",
            "source": {
                "type": "git",
                "url": "https://github.com/Intervention/image.git",
                "reference": "49b817a4595df9a8568833644b8845d0758492cd"
            },
            "dist": {
                "type": "zip",
                "url": "https://api.github.com/repos/Intervention/image/zipball/49b817a4595df9a8568833644b8845d0758492cd",
                "reference": "49b817a4595df9a8568833644b8845d0758492cd",
                "shasum": ""
            },
            "require": {
                "ext-gd": "*",
                "illuminate/support": "4.*",
                "php": ">=5.3.0"
            },
            "suggest": {
                "intervention/imagecache": "Caching extension for the Intervention Image library"
            },
            "type": "library",
            "autoload": {
                "psr-0": {
                    "Intervention\\Image": "src/"
                }
            },
            "notification-url": "https://packagist.org/downloads/",
            "license": [
                "MIT"
            ],
            "authors": [
                {
                    "name": "Oliver Vogel",
                    "email": "oliver@olivervogel.net",
                    "homepage": "http://olivervogel.net/"
                }
            ],
            "description": "Image handling and manipulation library with support for Laravel 4 integration",
            "homepage": "http://intervention.olivervogel.net/image/",
            "keywords": [
                "gd",
                "image",
                "laravel",
                "thumbnail",
                "watermark"
            ],
            "time": "2013-09-25 15:05:36"
        },
        {
            "name": "roumen/sitemap",
            "version": "dev-master",
            "source": {
                "type": "git",
                "url": "https://github.com/RoumenDamianoff/laravel4-sitemap.git",
                "reference": "dada752e314d756abb75ddd61b0007c9c3e1069b"
            },
            "dist": {
                "type": "zip",
                "url": "https://api.github.com/repos/RoumenDamianoff/laravel4-sitemap/zipball/dada752e314d756abb75ddd61b0007c9c3e1069b",
                "reference": "dada752e314d756abb75ddd61b0007c9c3e1069b",
                "shasum": ""
            },
            "require": {
                "illuminate/support": "4.0.x",
                "php": ">=5.3.0"
            },
            "type": "library",
            "autoload": {
                "psr-0": {
                    "Roumen\\Sitemap": "src/"
                }
            },
            "notification-url": "https://packagist.org/downloads/",
            "license": [
                "MIT"
            ],
            "authors": [
                {
                    "name": "Roumen Damianoff",
                    "email": "roumen@dawebs.com",
                    "homepage": "http://roumen.it/projects/laravel4-sitemap",
                    "role": "Developer"
                }
            ],
            "description": "A simple sitemap generator for Laravel.",
            "keywords": [
                "Sitemap",
                "laravel"
            ],
            "time": "2013-10-09 20:29:43"
        }
    ],
    "packages-dev": [

    ],
    "aliases": [

    ],
    "minimum-stability": "dev",
    "stability-flags": {
        "dark/smarty-view": 20,
        "davzie/laravel-bootstrap": 20,
        "roumen/sitemap": 20,
        "frozennode/administrator": 20
    },
    "platform": [

    ],
    "platform-dev": [

    ]
}
